
Microsoft Visual Studio Solution File, Format Version 12.00
# Visual Studio 14
VisualStudioVersion = 14.0.24720.0
MinimumVisualStudioVersion = 10.0.40219.1
Project("{FAE04EC0-301F-11D3-BF4B-00C04F79EFBC}") = "Website", "Website\Website.csproj", "{3961A3EE-6B22-44AB-9F55-C37F08F11C1C}"
EndProject
Global
	GlobalSection(SolutionConfigurationPlatforms) = preSolution
		Debug|Any CPU = Debug|Any CPU
		Release|Any CPU = Release|Any CPU
	EndGlobalSection
	GlobalSection(ProjectConfigurationPlatforms) = postSolution
		{3961A3EE-6B22-44AB-9F55-C37F08F11C1C}.Debug|Any CPU.ActiveCfg = Debug|Any CPU
		{3961A3EE-6B22-44AB-9F55-C37F08F11C1C}.Debug|Any CPU.Build.0 = Debug|Any CPU
		{3961A3EE-6B22-44AB-9F55-C37F08F11C1C}.Release|Any CPU.ActiveCfg = Release|Any CPU
		{3961A3EE-6B22-44AB-9F55-C37F08F11C1C}.Release|Any CPU.Build.0 = Release|Any CPU
	EndGlobalSection
	GlobalSection(SolutionProperties) = preSolution
		HideSolutionNode = FALSE
	EndGlobalSection
EndGlobal
